// !$*UTF8*$!
{
	archiveVersion = 1;
	classes = {
	};
	objectVersion = 50;
	objects = {

/* Begin PBXBuildFile section */
		06B79F4B2644C0C32FDD357AD3E0FF34 /* ExampleViewController.xib in Resources */ = {isa = PBXBuildFile; fileRef = 13F5C6301D8694704D35EF490A485750 /* ExampleViewController.xib */; };
		209D1FB82547BAA0FEA451D78862991B /* LaunchScreen.storyboard in Resources */ = {isa = PBXBuildFile; fileRef = B36B4B8164C5AB86D7A37A3FD96E1251 /* LaunchScreen.storyboard */; };
		4731382CD1F7BA5E5DAE5FFEFA2238E2 /* Assets.xcassets in Resources */ = {isa = PBXBuildFile; fileRef = E66297F8DA66AB160796A42E42D29742 /* Assets.xcassets */; };
		A76A19A2FDF1B9DCCACB6C2D79A24815 /* ExampleViewController.swift in Sources */ = {isa = PBXBuildFile; fileRef = 19CADD6CEAE0EB1904DB2C8756433593 /* ExampleViewController.swift */; };
		BFED912E223AB7C300C2C1D2 /* Animals.xcdatamodeld in Sources */ = {isa = PBXBuildFile; fileRef = BFED912C223AB7C300C2C1D2 /* Animals.xcdatamodeld */; };
		BFED9131223AB7E100C2C1D2 /* Animal+CoreDataClass.swift in Sources */ = {isa = PBXBuildFile; fileRef = BFED912F223AB7E100C2C1D2 /* Animal+CoreDataClass.swift */; };
		BFED9134223AB7ED00C2C1D2 /* CoreDataManager.swift in Sources */ = {isa = PBXBuildFile; fileRef = BFED9133223AB7ED00C2C1D2 /* CoreDataManager.swift */; };
		CF769082C205410BE972DC45F87C1E6D /* CoreDataResetApp.swift in Sources */ = {isa = PBXBuildFile; fileRef = 7BDBB9E3BEE7ED59931D4E769F1FA5A0 /* CoreDataResetApp.swift */; };
/* End PBXBuildFile section */

/* Begin PBXFileReference section */
		13F5C6301D8694704D35EF490A485750 /* ExampleViewController.xib */ = {isa = PBXFileReference; lastKnownFileType = file.xib; path = ExampleViewController.xib; sourceTree = "<group>"; };
		19CADD6CEAE0EB1904DB2C8756433593 /* ExampleViewController.swift */ = {isa = PBXFileReference; lastKnownFileType = sourcecode.swift; path = ExampleViewController.swift; sourceTree = "<group>"; };
		4C760E841BDFF06A75EA6B95FF50A6E8 /* Info.plist */ = {isa = PBXFileReference; lastKnownFileType = text.plist.xml; path = Info.plist; sourceTree = "<group>"; };
		7BDBB9E3BEE7ED59931D4E769F1FA5A0 /* CoreDataResetApp.swift */ = {isa = PBXFileReference; lastKnownFileType = sourcecode.swift; path = CoreDataResetApp.swift; sourceTree = "<group>"; };
		A5ACB1FA3D76329F7D82EC5A90A3B173 /* Coredatareset.app */ = {isa = PBXFileReference; includeInIndex = 0; lastKnownFileType = wrapper.application; path = Coredatareset.app; sourceTree = BUILT_PRODUCTS_DIR; };
		BFED912D223AB7C300C2C1D2 /* Animals.xcdatamodel */ = {isa = PBXFileReference; lastKnownFileType = wrapper.xcdatamodel; path = Animals.xcdatamodel; sourceTree = "<group>"; };
		BFED912F223AB7E100C2C1D2 /* Animal+CoreDataClass.swift */ = {isa = PBXFileReference; lastKnownFileType = sourcecode.swift; path = "Animal+CoreDataClass.swift"; sourceTree = "<group>"; };
		BFED9133223AB7ED00C2C1D2 /* CoreDataManager.swift */ = {isa = PBXFileReference; lastKnownFileType = sourcecode.swift; path = CoreDataManager.swift; sourceTree = "<group>"; };
		C16E3C50B4FBC6A6CFB449DEF14AF1C7 /* Base */ = {isa = PBXFileReference; lastKnownFileType = file.storyboard; name = Base; path = Base.lproj/LaunchScreen.storyboard; sourceTree = "<group>"; };
		E66297F8DA66AB160796A42E42D29742 /* Assets.xcassets */ = {isa = PBXFileReference; lastKnownFileType = folder.assetcatalog; path = Assets.xcassets; sourceTree = "<group>"; };
/* End PBXFileReference section */

/* Begin PBXGroup section */
		1BE68CDB4326D205C7A275BB309C6BCA /* Assets */ = {
			isa = PBXGroup;
			children = (
				E66297F8DA66AB160796A42E42D29742 /* Assets.xcassets */,
				B36B4B8164C5AB86D7A37A3FD96E1251 /* LaunchScreen.storyboard */,
			);
			path = Assets;
			sourceTree = "<group>";
		};
		7C10F8BAFFFBFEA5BFE6A66C5C5D479E = {
			isa = PBXGroup;
			children = (
				D22A7F0586D04775EAA2F27FD0BB8D6F /* src */,
				9C6A64DCB8122FE3E21178DD1E660279 /* Products */,
			);
			sourceTree = "<group>";
		};
		9C6A64DCB8122FE3E21178DD1E660279 /* Products */ = {
			isa = PBXGroup;
			children = (
				A5ACB1FA3D76329F7D82EC5A90A3B173 /* Coredatareset.app */,
			);
			name = Products;
			sourceTree = "<group>";
		};
		BFED912B223AB7B500C2C1D2 /* Model */ = {
			isa = PBXGroup;
			children = (
				BFED912F223AB7E100C2C1D2 /* Animal+CoreDataClass.swift */,
				BFED912C223AB7C300C2C1D2 /* Animals.xcdatamodeld */,
				BFED9133223AB7ED00C2C1D2 /* CoreDataManager.swift */,
			);
			path = Model;
			sourceTree = "<group>";
		};
		D04F6CFC1058B39CA4C98CAD582191A5 /* Controller */ = {
			isa = PBXGroup;
			children = (
				19CADD6CEAE0EB1904DB2C8756433593 /* ExampleViewController.swift */,
				13F5C6301D8694704D35EF490A485750 /* ExampleViewController.xib */,
			);
			path = Controller;
			sourceTree = "<group>";
		};
		D22A7F0586D04775EAA2F27FD0BB8D6F /* src */ = {
			isa = PBXGroup;
			children = (
				F4BAE9F248681290946062C2ECFAB7E5 /* App */,
				1BE68CDB4326D205C7A275BB309C6BCA /* Assets */,
				D04F6CFC1058B39CA4C98CAD582191A5 /* Controller */,
				BFED912B223AB7B500C2C1D2 /* Model */,
			);
			path = src;
			sourceTree = "<group>";
		};
		F4BAE9F248681290946062C2ECFAB7E5 /* App */ = {
			isa = PBXGroup;
			children = (
				7BDBB9E3BEE7ED59931D4E769F1FA5A0 /* CoreDataResetApp.swift */,
				4C760E841BDFF06A75EA6B95FF50A6E8 /* Info.plist */,
			);
			path = App;
			sourceTree = "<group>";
		};
/* End PBXGroup section */

/* Begin PBXNativeTarget section */
		D4D50B8BA021F0484D39C79814F53707 /* Coredatareset */ = {
			isa = PBXNativeTarget;
			buildConfigurationList = D2D530554FEED73C277F8E8417D0F48E /* Build configuration list for PBXNativeTarget "Coredatareset" */;
			buildPhases = (
				2B51B719DA054B115F6A2443AB5334F9 /* Sources */,
				4750318C178321C9300B0F4578A4C6D8 /* Resources */,
			);
			buildRules = (
			);
			dependencies = (
			);
			name = Coredatareset;
			productName = Coredatareset;
			productReference = A5ACB1FA3D76329F7D82EC5A90A3B173 /* Coredatareset.app */;
			productType = "com.apple.product-type.application";
		};
/* End PBXNativeTarget section */

/* Begin PBXProject section */
		E6F0C50C3DBA1D1197373ABF5F6F04F2 /* Project object */ = {
			isa = PBXProject;
			attributes = {
				LastUpgradeCheck = 1000;
			};
			buildConfigurationList = 1652A11C777E8AF45F12D293A8957B84 /* Build configuration list for PBXProject "CoreDataReset" */;
			compatibilityVersion = "Xcode 9.3";
			developmentRegion = en;
			hasScannedForEncodings = 0;
			knownRegions = (
				Base,
			);
			mainGroup = 7C10F8BAFFFBFEA5BFE6A66C5C5D479E;
			projectDirPath = "";
			projectRoot = "";
			targets = (
				D4D50B8BA021F0484D39C79814F53707 /* Coredatareset */,
			);
		};
/* End PBXProject section */

/* Begin PBXResourcesBuildPhase section */
		4750318C178321C9300B0F4578A4C6D8 /* Resources */ = {
			isa = PBXResourcesBuildPhase;
			buildActionMask = 2147483647;
			files = (
				4731382CD1F7BA5E5DAE5FFEFA2238E2 /* Assets.xcassets in Resources */,
				06B79F4B2644C0C32FDD357AD3E0FF34 /* ExampleViewController.xib in Resources */,
				209D1FB82547BAA0FEA451D78862991B /* LaunchScreen.storyboard in Resources */,
			);
			runOnlyForDeploymentPostprocessing = 0;
		};
/* End PBXResourcesBuildPhase section */

/* Begin PBXSourcesBuildPhase section */
		2B51B719DA054B115F6A2443AB5334F9 /* Sources */ = {
			isa = PBXSourcesBuildPhase;
			buildActionMask = 2147483647;
			files = (
				BFED912E223AB7C300C2C1D2 /* Animals.xcdatamodeld in Sources */,
				CF769082C205410BE972DC45F87C1E6D /* CoreDataResetApp.swift in Sources */,
				A76A19A2FDF1B9DCCACB6C2D79A24815 /* ExampleViewController.swift in Sources */,
				BFED9134223AB7ED00C2C1D2 /* CoreDataManager.swift in Sources */,
				BFED9131223AB7E100C2C1D2 /* Animal+CoreDataClass.swift in Sources */,
			);
			runOnlyForDeploymentPostprocessing = 0;
		};
/* End PBXSourcesBuildPhase section */

/* Begin PBXVariantGroup section */
		B36B4B8164C5AB86D7A37A3FD96E1251 /* LaunchScreen.storyboard */ = {
			isa = PBXVariantGroup;
			children = (
				C16E3C50B4FBC6A6CFB449DEF14AF1C7 /* Base */,
			);
			name = LaunchScreen.storyboard;
			sourceTree = "<group>";
		};
/* End PBXVariantGroup section */

/* Begin XCBuildConfiguration section */
		498903F2B99153AC72E52C42DB5AFFE7 /* Release */ = {
			isa = XCBuildConfiguration;
			buildSettings = {
				ALWAYS_EMBED_SWIFT_STANDARD_LIBRARIES = YES;
				ASSETCATALOG_COMPILER_APPICON_NAME = AppIcon;
				CODE_SIGN_IDENTITY = "iPhone Developer";
				INFOPLIST_FILE = src/App/Info.plist;
				LD_RUNPATH_SEARCH_PATHS = (
					"$(inherited)",
					"@executable_path/Frameworks",
				);
				PRODUCT_BUNDLE_IDENTIFIER = com.example.Coredatareset;
				SDKROOT = iphoneos;
				SWIFT_VERSION = 4.2;
				TARGETED_DEVICE_FAMILY = "1,2";
			};
			name = Release;
		};
		49D00DD9CCA04A3564F5D1F60D48019B /* Debug */ = {
			isa = XCBuildConfiguration;
			buildSettings = {
				ALWAYS_EMBED_SWIFT_STANDARD_LIBRARIES = YES;
				ASSETCATALOG_COMPILER_APPICON_NAME = AppIcon;
				CODE_SIGN_IDENTITY = "iPhone Developer";
				INFOPLIST_FILE = src/App/Info.plist;
				LD_RUNPATH_SEARCH_PATHS = (
					"$(inherited)",
					"@executable_path/Frameworks",
				);
				PRODUCT_BUNDLE_IDENTIFIER = com.example.Coredatareset;
				SDKROOT = iphoneos;
				SWIFT_VERSION = 4.2;
				TARGETED_DEVICE_FAMILY = "1,2";
			};
			name = Debug;
		};
		A54402BB595BEEEF1F4836E0A4D09756 /* Release */ = {
			isa = XCBuildConfiguration;
			buildSettings = {
				ALWAYS_SEARCH_USER_PATHS = NO;
				CLANG_ANALYZER_NONNULL = YES;
				CLANG_ANALYZER_NUMBER_OBJECT_CONVERSION = YES_AGGRESSIVE;
				CLANG_CXX_LANGUAGE_STANDARD = "gnu++14";
				CLANG_CXX_LIBRARY = "libc++";
				CLANG_ENABLE_MODULES = YES;
				CLANG_ENABLE_OBJC_ARC = YES;
				CLANG_WARN_BLOCK_CAPTURE_AUTORELEASING = YES;
				CLANG_WARN_BOOL_CONVERSION = YES;
				CLANG_WARN_COMMA = YES;
				CLANG_WARN_CONSTANT_CONVERSION = YES;
				CLANG_WARN_DEPRECATED_OBJC_IMPLEMENTATIONS = YES;
				CLANG_WARN_DIRECT_OBJC_ISA_USAGE = YES_ERROR;
				CLANG_WARN_DOCUMENTATION_COMMENTS = YES;
				CLANG_WARN_EMPTY_BODY = YES;
				CLANG_WARN_ENUM_CONVERSION = YES;
				CLANG_WARN_INFINITE_RECURSION = YES;
				CLANG_WARN_INT_CONVERSION = YES;
				CLANG_WARN_NON_LITERAL_NULL_CONVERSION = YES;
				CLANG_WARN_OBJC_IMPLICIT_RETAIN_SELF = YES;
				CLANG_WARN_OBJC_LITERAL_CONVERSION = YES;
				CLANG_WARN_OBJC_ROOT_CLASS = YES_ERROR;
				CLANG_WARN_RANGE_LOOP_ANALYSIS = YES;
				CLANG_WARN_STRICT_PROTOTYPES = YES;
				CLANG_WARN_SUSPICIOUS_MOVE = YES;
				CLANG_WARN_UNGUARDED_AVAILABILITY = YES_AGGRESSIVE;
				CLANG_WARN_UNREACHABLE_CODE = YES;
				CLANG_WARN__DUPLICATE_METHOD_MATCH = YES;
				COPY_PHASE_STRIP = NO;
				DEBUG_INFORMATION_FORMAT = "dwarf-with-dsym";
				ENABLE_NS_ASSERTIONS = NO;
				ENABLE_STRICT_OBJC_MSGSEND = YES;
				GCC_C_LANGUAGE_STANDARD = gnu11;
				GCC_NO_COMMON_BLOCKS = YES;
				GCC_WARN_64_TO_32_BIT_CONVERSION = YES;
				GCC_WARN_ABOUT_RETURN_TYPE = YES_ERROR;
				GCC_WARN_UNDECLARED_SELECTOR = YES;
				GCC_WARN_UNINITIALIZED_AUTOS = YES_AGGRESSIVE;
				GCC_WARN_UNUSED_FUNCTION = YES;
				GCC_WARN_UNUSED_VARIABLE = YES;
				IPHONEOS_DEPLOYMENT_TARGET = 10.0;
				PRODUCT_NAME = "$(TARGET_NAME)";
				SDKROOT = iphoneos;
				SWIFT_OPTIMIZATION_LEVEL = "-Owholemodule";
				SWIFT_VERSION = 4.2;
				VALIDATE_PRODUCT = YES;
			};
			name = Release;
		};
		FBFFA5BEE45D990A1818F61AC0745173 /* Debug */ = {
			isa = XCBuildConfiguration;
			buildSettings = {
				ALWAYS_SEARCH_USER_PATHS = NO;
				CLANG_ANALYZER_NONNULL = YES;
				CLANG_ANALYZER_NUMBER_OBJECT_CONVERSION = YES_AGGRESSIVE;
				CLANG_CXX_LANGUAGE_STANDARD = "gnu++14";
				CLANG_CXX_LIBRARY = "libc++";
				CLANG_ENABLE_MODULES = YES;
				CLANG_ENABLE_OBJC_ARC = YES;
				CLANG_WARN_BLOCK_CAPTURE_AUTORELEASING = YES;
				CLANG_WARN_BOOL_CONVERSION = YES;
				CLANG_WARN_COMMA = YES;
				CLANG_WARN_CONSTANT_CONVERSION = YES;
				CLANG_WARN_DEPRECATED_OBJC_IMPLEMENTATIONS = YES;
				CLANG_WARN_DIRECT_OBJC_ISA_USAGE = YES_ERROR;
				CLANG_WARN_DOCUMENTATION_COMMENTS = YES;
				CLANG_WARN_EMPTY_BODY = YES;
				CLANG_WARN_ENUM_CONVERSION = YES;
				CLANG_WARN_INFINITE_RECURSION = YES;
				CLANG_WARN_INT_CONVERSION = YES;
				CLANG_WARN_NON_LITERAL_NULL_CONVERSION = YES;
				CLANG_WARN_OBJC_IMPLICIT_RETAIN_SELF = YES;
				CLANG_WARN_OBJC_LITERAL_CONVERSION = YES;
				CLANG_WARN_OBJC_ROOT_CLASS = YES_ERROR;
				CLANG_WARN_RANGE_LOOP_ANALYSIS = YES;
				CLANG_WARN_STRICT_PROTOTYPES = YES;
				CLANG_WARN_SUSPICIOUS_MOVE = YES;
				CLANG_WARN_UNGUARDED_AVAILABILITY = YES_AGGRESSIVE;
				CLANG_WARN_UNREACHABLE_CODE = YES;
				CLANG_WARN__DUPLICATE_METHOD_MATCH = YES;
				COPY_PHASE_STRIP = NO;
				DEBUG_INFORMATION_FORMAT = dwarf;
				ENABLE_STRICT_OBJC_MSGSEND = YES;
				ENABLE_TESTABILITY = YES;
				GCC_C_LANGUAGE_STANDARD = gnu11;
				GCC_DYNAMIC_NO_PIC = NO;
				GCC_NO_COMMON_BLOCKS = YES;
				GCC_OPTIMIZATION_LEVEL = 0;
				GCC_PREPROCESSOR_DEFINITIONS = (
					"$(inherited)",
					"DEBUG=1",
				);
				GCC_WARN_64_TO_32_BIT_CONVERSION = YES;
				GCC_WARN_ABOUT_RETURN_TYPE = YES_ERROR;
				GCC_WARN_UNDECLARED_SELECTOR = YES;
				GCC_WARN_UNINITIALIZED_AUTOS = YES_AGGRESSIVE;
				GCC_WARN_UNUSED_FUNCTION = YES;
				GCC_WARN_UNUSED_VARIABLE = YES;
				IPHONEOS_DEPLOYMENT_TARGET = 10.0;
				MTL_ENABLE_DEBUG_INFO = YES;
				ONLY_ACTIVE_ARCH = YES;
				PRODUCT_NAME = "$(TARGET_NAME)";
				SDKROOT = iphoneos;
				SWIFT_ACTIVE_COMPILATION_CONDITIONS = DEBUG;
				SWIFT_OPTIMIZATION_LEVEL = "-Onone";
				SWIFT_VERSION = 4.2;
			};
			name = Debug;
		};
/* End XCBuildConfiguration section */

/* Begin XCConfigurationList section */
		1652A11C777E8AF45F12D293A8957B84 /* Build configuration list for PBXProject "CoreDataReset" */ = {
			isa = XCConfigurationList;
			buildConfigurations = (
				FBFFA5BEE45D990A1818F61AC0745173 /* Debug */,
				A54402BB595BEEEF1F4836E0A4D09756 /* Release */,
			);
			defaultConfigurationIsVisible = 0;
			defaultConfigurationName = Debug;
		};
		D2D530554FEED73C277F8E8417D0F48E /* Build configuration list for PBXNativeTarget "Coredatareset" */ = {
			isa = XCConfigurationList;
			buildConfigurations = (
				49D00DD9CCA04A3564F5D1F60D48019B /* Debug */,
				498903F2B99153AC72E52C42DB5AFFE7 /* Release */,
			);
			defaultConfigurationIsVisible = 0;
			defaultConfigurationName = "";
		};
/* End XCConfigurationList section */

/* Begin XCVersionGroup section */
		BFED912C223AB7C300C2C1D2 /* Animals.xcdatamodeld */ = {
			isa = XCVersionGroup;
			children = (
				BFED912D223AB7C300C2C1D2 /* Animals.xcdatamodel */,
			);
			currentVersion = BFED912D223AB7C300C2C1D2 /* Animals.xcdatamodel */;
			path = Animals.xcdatamodeld;
			sourceTree = "<group>";
			versionGroupType = wrapper.xcdatamodel;
		};
/* End XCVersionGroup section */
	};
	rootObject = E6F0C50C3DBA1D1197373ABF5F6F04F2 /* Project object */;
}
